
Microsoft Visual Studio Solution File, Format Version 12.00
# Visual Studio Version 17
VisualStudioVersion = 17.14.36616.10 d17.14
MinimumVisualStudioVersion = 10.0.40219.1
Project("{FAE04EC0-301F-11D3-BF4B-00C04F79EFBC}") = "Superhero", "Superhero.csproj", "{B9655C06-D65C-43F9-B468-86E6CC1F63F8}"
EndProject
Global
	GlobalSection(SolutionConfigurationPlatforms) = preSolution
		Debug|Any CPU = Debug|Any CPU
		Release|Any CPU = Release|Any CPU
	EndGlobalSection
	GlobalSection(ProjectConfigurationPlatforms) = postSolution
		{B9655C06-D65C-43F9-B468-86E6CC1F63F8}.Debug|Any CPU.ActiveCfg = Debug|Any CPU
		{B9655C06-D65C-43F9-B468-86E6CC1F63F8}.Debug|Any CPU.Build.0 = Debug|Any CPU
		{B9655C06-D65C-43F9-B468-86E6CC1F63F8}.Debug|Any CPU.Deploy.0 = Debug|Any CPU
		{B9655C06-D65C-43F9-B468-86E6CC1F63F8}.Release|Any CPU.ActiveCfg = Release|Any CPU
		{B9655C06-D65C-43F9-B468-86E6CC1F63F8}.Release|Any CPU.Build.0 = Release|Any CPU
		{B9655C06-D65C-43F9-B468-86E6CC1F63F8}.Release|Any CPU.Deploy.0 = Release|Any CPU
	EndGlobalSection
	GlobalSection(SolutionProperties) = preSolution
		HideSolutionNode = FALSE
	EndGlobalSection
	GlobalSection(ExtensibilityGlobals) = postSolution
		SolutionGuid = {808A46BD-A729-4CC7-BAED-9155BDAEA9DF}
	EndGlobalSection
EndGlobal
